
Microsoft Visual Studio Solution File, Format Version 12.00
# Visual Studio Version 16
VisualStudioVersion = 16.0.30225.117
MinimumVisualStudioVersion = 10.0.40219.1
Project("{FAE04EC0-301F-11D3-BF4B-00C04F79EFBC}") = "PDFEditor", "PDFEditor\PDFEditor.csproj", "{B079ED35-9ED5-4282-A3D9-972D6270461D}"
EndProject
Global
	GlobalSection(SolutionConfigurationPlatforms) = preSolution
		Debug|Any CPU = Debug|Any CPU
		Release|Any CPU = Release|Any CPU
	EndGlobalSection
	GlobalSection(ProjectConfigurationPlatforms) = postSolution
		{B079ED35-9ED5-4282-A3D9-972D6270461D}.Debug|Any CPU.ActiveCfg = Debug|Any CPU
		{B079ED35-9ED5-4282-A3D9-972D6270461D}.Debug|Any CPU.Build.0 = Debug|Any CPU
		{B079ED35-9ED5-4282-A3D9-972D6270461D}.Release|Any CPU.ActiveCfg = Release|Any CPU
		{B079ED35-9ED5-4282-A3D9-972D6270461D}.Release|Any CPU.Build.0 = Release|Any CPU
	EndGlobalSection
	GlobalSection(SolutionProperties) = preSolution
		HideSolutionNode = FALSE
	EndGlobalSection
	GlobalSection(ExtensibilityGlobals) = postSolution
		SolutionGuid = {05EBF2F5-BAEF-4710-A1C7-775B2C806775}
	EndGlobalSection
EndGlobal
